
Microsoft Visual Studio Solution File, Format Version 12.00
# Visual Studio Version 17
VisualStudioVersion = 17.4.33205.214
MinimumVisualStudioVersion = 10.0.40219.1
Project("{2150E333-8FDC-42A3-9474-1A3956D46DE8}") = "src", "src", "{03A53CD0-5F5A-4F53-B2F5-274DCFF8E4EE}"
EndProject
Project("{2150E333-8FDC-42A3-9474-1A3956D46DE8}") = "GolfManager.RazorWeb", "GolfManager.RazorWeb", "{714CB162-60D3-46CC-8D8D-447F5001D32B}"
EndProject
Project("{2150E333-8FDC-42A3-9474-1A3956D46DE8}") = "GolfManager.ReactJsWeb", "GolfManager.ReactJsWeb", "{1034DD75-1FD6-45F7-9D5A-1328C7EB600B}"
EndProject
Project("{2150E333-8FDC-42A3-9474-1A3956D46DE8}") = "GolfManager.Api", "GolfManager.Api", "{1EE31215-1FBD-4B52-9AB7-AF381739972B}"
EndProject
Project("{2150E333-8FDC-42A3-9474-1A3956D46DE8}") = "GolfManager.Application", "GolfManager.Application", "{2BBB3A9D-E089-448B-8782-FB325E63A935}"
EndProject
Project("{2150E333-8FDC-42A3-9474-1A3956D46DE8}") = "GolfManager.Infrastructure", "GolfManager.Infrastructure", "{1628C709-56CA-4359-B471-81A00952D018}"
EndProject
Project("{2150E333-8FDC-42A3-9474-1A3956D46DE8}") = "GolfManager.Domain", "GolfManager.Domain", "{8B20A227-E21E-4903-B0EF-17351D171632}"
EndProject
Project("{2150E333-8FDC-42A3-9474-1A3956D46DE8}") = "Frontends", "Frontends", "{78D4F1B1-7A9E-412A-A968-DF49A45039BA}"
EndProject
Project("{2150E333-8FDC-42A3-9474-1A3956D46DE8}") = "Services", "Services", "{099A5B71-E9A5-4A2A-8CB3-E6D6DBE38B4B}"
EndProject
Project("{2150E333-8FDC-42A3-9474-1A3956D46DE8}") = "Shared", "Shared", "{D3DC7431-E1C8-4426-90E0-09C1B1841E44}"
EndProject
Project("{2150E333-8FDC-42A3-9474-1A3956D46DE8}") = "GolfManager.AngularWeb", "GolfManager.AngularWeb", "{F5741E33-13CD-4D21-A827-E7A3F35A615C}"
EndProject
Project("{54A90642-561A-4BB1-A94E-469ADEE60C69}") = "golfmanager.angularweb", "golfmanager.angularweb\golfmanager.angularweb.esproj", "{0755F1FF-B58F-4BFA-BAB0-ED7453D3C647}"
EndProject
Project("{FAE04EC0-301F-11D3-BF4B-00C04F79EFBC}") = "GolfManager.RazorWeb", "GolfManager.RazorWeb\GolfManager.RazorWeb.csproj", "{FDBABEC0-4730-4710-9CEE-2D5A3DF4302A}"
EndProject
Project("{54A90642-561A-4BB1-A94E-469ADEE60C69}") = "golfmanager.reactjsweb", "golfmanager.reactjsweb\golfmanager.reactjsweb.esproj", "{3532ADB1-4BC1-4193-B002-13E0E5999563}"
EndProject
Project("{FAE04EC0-301F-11D3-BF4B-00C04F79EFBC}") = "GolfManager.Api", "GolfManager.Api\GolfManager.Api.csproj", "{CF3798C6-CFBD-4680-B3E7-17A2C0104E6B}"
EndProject
Project("{FAE04EC0-301F-11D3-BF4B-00C04F79EFBC}") = "GolfManager.Application", "GolfManager.Application\GolfManager.Application.csproj", "{19618DFA-C97D-4856-AC18-1C1433606149}"
EndProject
Project("{FAE04EC0-301F-11D3-BF4B-00C04F79EFBC}") = "GolfManager.Domain", "GolfManager.Domain\GolfManager.Domain.csproj", "{2812E540-0099-453B-B5C7-390FD1C10F62}"
EndProject
Project("{FAE04EC0-301F-11D3-BF4B-00C04F79EFBC}") = "GolfManager.Infrastructure", "GolfManager.Infrastructure\GolfManager.Infrastructure.csproj", "{28C22867-0884-4601-B1C7-4516BC9A469F}"
EndProject
Global
	GlobalSection(SolutionConfigurationPlatforms) = preSolution
		Debug|Any CPU = Debug|Any CPU
		Release|Any CPU = Release|Any CPU
	EndGlobalSection
	GlobalSection(ProjectConfigurationPlatforms) = postSolution
		{0755F1FF-B58F-4BFA-BAB0-ED7453D3C647}.Debug|Any CPU.ActiveCfg = Debug|Any CPU
		{0755F1FF-B58F-4BFA-BAB0-ED7453D3C647}.Debug|Any CPU.Build.0 = Debug|Any CPU
		{0755F1FF-B58F-4BFA-BAB0-ED7453D3C647}.Debug|Any CPU.Deploy.0 = Debug|Any CPU
		{0755F1FF-B58F-4BFA-BAB0-ED7453D3C647}.Release|Any CPU.ActiveCfg = Release|Any CPU
		{0755F1FF-B58F-4BFA-BAB0-ED7453D3C647}.Release|Any CPU.Build.0 = Release|Any CPU
		{0755F1FF-B58F-4BFA-BAB0-ED7453D3C647}.Release|Any CPU.Deploy.0 = Release|Any CPU
		{FDBABEC0-4730-4710-9CEE-2D5A3DF4302A}.Debug|Any CPU.ActiveCfg = Debug|Any CPU
		{FDBABEC0-4730-4710-9CEE-2D5A3DF4302A}.Debug|Any CPU.Build.0 = Debug|Any CPU
		{FDBABEC0-4730-4710-9CEE-2D5A3DF4302A}.Release|Any CPU.ActiveCfg = Release|Any CPU
		{FDBABEC0-4730-4710-9CEE-2D5A3DF4302A}.Release|Any CPU.Build.0 = Release|Any CPU
		{3532ADB1-4BC1-4193-B002-13E0E5999563}.Debug|Any CPU.ActiveCfg = Debug|Any CPU
		{3532ADB1-4BC1-4193-B002-13E0E5999563}.Debug|Any CPU.Build.0 = Debug|Any CPU
		{3532ADB1-4BC1-4193-B002-13E0E5999563}.Debug|Any CPU.Deploy.0 = Debug|Any CPU
		{3532ADB1-4BC1-4193-B002-13E0E5999563}.Release|Any CPU.ActiveCfg = Release|Any CPU
		{3532ADB1-4BC1-4193-B002-13E0E5999563}.Release|Any CPU.Build.0 = Release|Any CPU
		{3532ADB1-4BC1-4193-B002-13E0E5999563}.Release|Any CPU.Deploy.0 = Release|Any CPU
		{CF3798C6-CFBD-4680-B3E7-17A2C0104E6B}.Debug|Any CPU.ActiveCfg = Debug|Any CPU
		{CF3798C6-CFBD-4680-B3E7-17A2C0104E6B}.Debug|Any CPU.Build.0 = Debug|Any CPU
		{CF3798C6-CFBD-4680-B3E7-17A2C0104E6B}.Release|Any CPU.ActiveCfg = Release|Any CPU
		{CF3798C6-CFBD-4680-B3E7-17A2C0104E6B}.Release|Any CPU.Build.0 = Release|Any CPU
		{19618DFA-C97D-4856-AC18-1C1433606149}.Debug|Any CPU.ActiveCfg = Debug|Any CPU
		{19618DFA-C97D-4856-AC18-1C1433606149}.Debug|Any CPU.Build.0 = Debug|Any CPU
		{19618DFA-C97D-4856-AC18-1C1433606149}.Release|Any CPU.ActiveCfg = Release|Any CPU
		{19618DFA-C97D-4856-AC18-1C1433606149}.Release|Any CPU.Build.0 = Release|Any CPU
		{2812E540-0099-453B-B5C7-390FD1C10F62}.Debug|Any CPU.ActiveCfg = Debug|Any CPU
		{2812E540-0099-453B-B5C7-390FD1C10F62}.Debug|Any CPU.Build.0 = Debug|Any CPU
		{2812E540-0099-453B-B5C7-390FD1C10F62}.Release|Any CPU.ActiveCfg = Release|Any CPU
		{2812E540-0099-453B-B5C7-390FD1C10F62}.Release|Any CPU.Build.0 = Release|Any CPU
		{28C22867-0884-4601-B1C7-4516BC9A469F}.Debug|Any CPU.ActiveCfg = Debug|Any CPU
		{28C22867-0884-4601-B1C7-4516BC9A469F}.Debug|Any CPU.Build.0 = Debug|Any CPU
		{28C22867-0884-4601-B1C7-4516BC9A469F}.Release|Any CPU.ActiveCfg = Release|Any CPU
		{28C22867-0884-4601-B1C7-4516BC9A469F}.Release|Any CPU.Build.0 = Release|Any CPU
	EndGlobalSection
	GlobalSection(SolutionProperties) = preSolution
		HideSolutionNode = FALSE
	EndGlobalSection
	GlobalSection(NestedProjects) = preSolution
		{714CB162-60D3-46CC-8D8D-447F5001D32B} = {78D4F1B1-7A9E-412A-A968-DF49A45039BA}
		{1034DD75-1FD6-45F7-9D5A-1328C7EB600B} = {78D4F1B1-7A9E-412A-A968-DF49A45039BA}
		{1EE31215-1FBD-4B52-9AB7-AF381739972B} = {099A5B71-E9A5-4A2A-8CB3-E6D6DBE38B4B}
		{2BBB3A9D-E089-448B-8782-FB325E63A935} = {D3DC7431-E1C8-4426-90E0-09C1B1841E44}
		{1628C709-56CA-4359-B471-81A00952D018} = {D3DC7431-E1C8-4426-90E0-09C1B1841E44}
		{8B20A227-E21E-4903-B0EF-17351D171632} = {D3DC7431-E1C8-4426-90E0-09C1B1841E44}
		{78D4F1B1-7A9E-412A-A968-DF49A45039BA} = {03A53CD0-5F5A-4F53-B2F5-274DCFF8E4EE}
		{099A5B71-E9A5-4A2A-8CB3-E6D6DBE38B4B} = {03A53CD0-5F5A-4F53-B2F5-274DCFF8E4EE}
		{D3DC7431-E1C8-4426-90E0-09C1B1841E44} = {03A53CD0-5F5A-4F53-B2F5-274DCFF8E4EE}
		{F5741E33-13CD-4D21-A827-E7A3F35A615C} = {78D4F1B1-7A9E-412A-A968-DF49A45039BA}
		{0755F1FF-B58F-4BFA-BAB0-ED7453D3C647} = {F5741E33-13CD-4D21-A827-E7A3F35A615C}
		{FDBABEC0-4730-4710-9CEE-2D5A3DF4302A} = {714CB162-60D3-46CC-8D8D-447F5001D32B}
		{3532ADB1-4BC1-4193-B002-13E0E5999563} = {1034DD75-1FD6-45F7-9D5A-1328C7EB600B}
		{CF3798C6-CFBD-4680-B3E7-17A2C0104E6B} = {1EE31215-1FBD-4B52-9AB7-AF381739972B}
		{19618DFA-C97D-4856-AC18-1C1433606149} = {2BBB3A9D-E089-448B-8782-FB325E63A935}
		{2812E540-0099-453B-B5C7-390FD1C10F62} = {8B20A227-E21E-4903-B0EF-17351D171632}
		{28C22867-0884-4601-B1C7-4516BC9A469F} = {1628C709-56CA-4359-B471-81A00952D018}
	EndGlobalSection
	GlobalSection(ExtensibilityGlobals) = postSolution
		SolutionGuid = {356E4ECA-50BF-4D44-B2A9-CC4D0EC6F86A}
	EndGlobalSection
EndGlobal
