
Microsoft Visual Studio Solution File, Format Version 12.00
# Visual Studio Version 17
VisualStudioVersion = 17.4.33205.214
MinimumVisualStudioVersion = 10.0.40219.1
Project("{2150E333-8FDC-42A3-9474-1A3956D46DE8}") = "src", "src", "{03A53CD0-5F5A-4F53-B2F5-274DCFF8E4EE}"
EndProject
Project("{2150E333-8FDC-42A3-9474-1A3956D46DE8}") = "GolfManager.RazorWeb", "GolfManager.RazorWeb", "{714CB162-60D3-46CC-8D8D-447F5001D32B}"
EndProject
Project("{2150E333-8FDC-42A3-9474-1A3956D46DE8}") = "GolfManager.ReactJsWeb", "GolfManager.ReactJsWeb", "{1034DD75-1FD6-45F7-9D5A-1328C7EB600B}"
EndProject
Project("{2150E333-8FDC-42A3-9474-1A3956D46DE8}") = "GolfManager.Api", "GolfManager.Api", "{1EE31215-1FBD-4B52-9AB7-AF381739972B}"
EndProject
Project("{2150E333-8FDC-42A3-9474-1A3956D46DE8}") = "GolfManager.Application", "GolfManager.Application", "{2BBB3A9D-E089-448B-8782-FB325E63A935}"
EndProject
Project("{2150E333-8FDC-42A3-9474-1A3956D46DE8}") = "GolfManager.Infrastructure", "GolfManager.Infrastructure", "{1628C709-56CA-4359-B471-81A00952D018}"
EndProject
Project("{2150E333-8FDC-42A3-9474-1A3956D46DE8}") = "GolfManager.Domain", "GolfManager.Domain", "{8B20A227-E21E-4903-B0EF-17351D171632}"
EndProject
Project("{2150E333-8FDC-42A3-9474-1A3956D46DE8}") = "Frontends", "Frontends", "{78D4F1B1-7A9E-412A-A968-DF49A45039BA}"
EndProject
Project("{2150E333-8FDC-42A3-9474-1A3956D46DE8}") = "Services", "Services", "{099A5B71-E9A5-4A2A-8CB3-E6D6DBE38B4B}"
EndProject
Project("{2150E333-8FDC-42A3-9474-1A3956D46DE8}") = "Shared", "Shared", "{D3DC7431-E1C8-4426-90E0-09C1B1841E44}"
EndProject
Project("{2150E333-8FDC-42A3-9474-1A3956D46DE8}") = "GolfManager.AngularWeb", "GolfManager.AngularWeb", "{F5741E33-13CD-4D21-A827-E7A3F35A615C}"
EndProject
Project("{54A90642-561A-4BB1-A94E-469ADEE60C69}") = "golfmanager.angularweb", "src\frontends\golfmanager.angularweb\golfmanager.angularweb.esproj", "{6581709D-9D04-4CDE-8650-B77FE37D2721}"
EndProject
Project("{9A19103F-16F7-4668-BE54-9A1E7A4F7556}") = "GolfManager.RazorWeb", "src\frontends\GolfManager.RazorWeb\GolfManager.RazorWeb.csproj", "{D78D842F-032A-4ED2-95D2-95375641FADC}"
EndProject
Project("{54A90642-561A-4BB1-A94E-469ADEE60C69}") = "golfmanager.reactjsweb", "src\frontends\golfmanager.reactjsweb\golfmanager.reactjsweb.esproj", "{9C1B318B-EABC-4817-9553-79F91424F7DF}"
EndProject
Project("{9A19103F-16F7-4668-BE54-9A1E7A4F7556}") = "GolfManager.Api", "src\services\GolfManager.Api\GolfManager.Api.csproj", "{6864A2CC-0402-402A-B85A-5C562147ADFE}"
EndProject
Project("{9A19103F-16F7-4668-BE54-9A1E7A4F7556}") = "GolfManager.Application", "src\shared\GolfManager.Application\GolfManager.Application.csproj", "{1AB49900-CA39-45B7-ACE1-A81C51315878}"
EndProject
Project("{9A19103F-16F7-4668-BE54-9A1E7A4F7556}") = "GolfManager.Domain", "src\shared\GolfManager.Domain\GolfManager.Domain.csproj", "{A41A8395-C317-4903-B6DA-1D7FBC04070F}"
EndProject
Project("{9A19103F-16F7-4668-BE54-9A1E7A4F7556}") = "GolfManager.Infrastructure", "src\shared\GolfManager.Infrastructure\GolfManager.Infrastructure.csproj", "{F491FAE7-2287-429F-A412-2998733CCE5E}"
EndProject
Global
	GlobalSection(SolutionConfigurationPlatforms) = preSolution
		Debug|Any CPU = Debug|Any CPU
		Release|Any CPU = Release|Any CPU
	EndGlobalSection
	GlobalSection(ProjectConfigurationPlatforms) = postSolution
		{6581709D-9D04-4CDE-8650-B77FE37D2721}.Debug|Any CPU.ActiveCfg = Debug|Any CPU
		{6581709D-9D04-4CDE-8650-B77FE37D2721}.Debug|Any CPU.Build.0 = Debug|Any CPU
		{6581709D-9D04-4CDE-8650-B77FE37D2721}.Debug|Any CPU.Deploy.0 = Debug|Any CPU
		{6581709D-9D04-4CDE-8650-B77FE37D2721}.Release|Any CPU.ActiveCfg = Release|Any CPU
		{6581709D-9D04-4CDE-8650-B77FE37D2721}.Release|Any CPU.Build.0 = Release|Any CPU
		{6581709D-9D04-4CDE-8650-B77FE37D2721}.Release|Any CPU.Deploy.0 = Release|Any CPU
		{D78D842F-032A-4ED2-95D2-95375641FADC}.Debug|Any CPU.ActiveCfg = Debug|Any CPU
		{D78D842F-032A-4ED2-95D2-95375641FADC}.Debug|Any CPU.Build.0 = Debug|Any CPU
		{D78D842F-032A-4ED2-95D2-95375641FADC}.Release|Any CPU.ActiveCfg = Release|Any CPU
		{D78D842F-032A-4ED2-95D2-95375641FADC}.Release|Any CPU.Build.0 = Release|Any CPU
		{9C1B318B-EABC-4817-9553-79F91424F7DF}.Debug|Any CPU.ActiveCfg = Debug|Any CPU
		{9C1B318B-EABC-4817-9553-79F91424F7DF}.Debug|Any CPU.Build.0 = Debug|Any CPU
		{9C1B318B-EABC-4817-9553-79F91424F7DF}.Debug|Any CPU.Deploy.0 = Debug|Any CPU
		{9C1B318B-EABC-4817-9553-79F91424F7DF}.Release|Any CPU.ActiveCfg = Release|Any CPU
		{9C1B318B-EABC-4817-9553-79F91424F7DF}.Release|Any CPU.Build.0 = Release|Any CPU
		{9C1B318B-EABC-4817-9553-79F91424F7DF}.Release|Any CPU.Deploy.0 = Release|Any CPU
		{6864A2CC-0402-402A-B85A-5C562147ADFE}.Debug|Any CPU.ActiveCfg = Debug|Any CPU
		{6864A2CC-0402-402A-B85A-5C562147ADFE}.Debug|Any CPU.Build.0 = Debug|Any CPU
		{6864A2CC-0402-402A-B85A-5C562147ADFE}.Release|Any CPU.ActiveCfg = Release|Any CPU
		{6864A2CC-0402-402A-B85A-5C562147ADFE}.Release|Any CPU.Build.0 = Release|Any CPU
		{1AB49900-CA39-45B7-ACE1-A81C51315878}.Debug|Any CPU.ActiveCfg = Debug|Any CPU
		{1AB49900-CA39-45B7-ACE1-A81C51315878}.Debug|Any CPU.Build.0 = Debug|Any CPU
		{1AB49900-CA39-45B7-ACE1-A81C51315878}.Release|Any CPU.ActiveCfg = Release|Any CPU
		{1AB49900-CA39-45B7-ACE1-A81C51315878}.Release|Any CPU.Build.0 = Release|Any CPU
		{A41A8395-C317-4903-B6DA-1D7FBC04070F}.Debug|Any CPU.ActiveCfg = Debug|Any CPU
		{A41A8395-C317-4903-B6DA-1D7FBC04070F}.Debug|Any CPU.Build.0 = Debug|Any CPU
		{A41A8395-C317-4903-B6DA-1D7FBC04070F}.Release|Any CPU.ActiveCfg = Release|Any CPU
		{A41A8395-C317-4903-B6DA-1D7FBC04070F}.Release|Any CPU.Build.0 = Release|Any CPU
		{F491FAE7-2287-429F-A412-2998733CCE5E}.Debug|Any CPU.ActiveCfg = Debug|Any CPU
		{F491FAE7-2287-429F-A412-2998733CCE5E}.Debug|Any CPU.Build.0 = Debug|Any CPU
		{F491FAE7-2287-429F-A412-2998733CCE5E}.Release|Any CPU.ActiveCfg = Release|Any CPU
		{F491FAE7-2287-429F-A412-2998733CCE5E}.Release|Any CPU.Build.0 = Release|Any CPU
	EndGlobalSection
	GlobalSection(SolutionProperties) = preSolution
		HideSolutionNode = FALSE
	EndGlobalSection
	GlobalSection(NestedProjects) = preSolution
		{714CB162-60D3-46CC-8D8D-447F5001D32B} = {78D4F1B1-7A9E-412A-A968-DF49A45039BA}
		{1034DD75-1FD6-45F7-9D5A-1328C7EB600B} = {78D4F1B1-7A9E-412A-A968-DF49A45039BA}
		{1EE31215-1FBD-4B52-9AB7-AF381739972B} = {099A5B71-E9A5-4A2A-8CB3-E6D6DBE38B4B}
		{2BBB3A9D-E089-448B-8782-FB325E63A935} = {D3DC7431-E1C8-4426-90E0-09C1B1841E44}
		{1628C709-56CA-4359-B471-81A00952D018} = {D3DC7431-E1C8-4426-90E0-09C1B1841E44}
		{8B20A227-E21E-4903-B0EF-17351D171632} = {D3DC7431-E1C8-4426-90E0-09C1B1841E44}
		{78D4F1B1-7A9E-412A-A968-DF49A45039BA} = {03A53CD0-5F5A-4F53-B2F5-274DCFF8E4EE}
		{099A5B71-E9A5-4A2A-8CB3-E6D6DBE38B4B} = {03A53CD0-5F5A-4F53-B2F5-274DCFF8E4EE}
		{D3DC7431-E1C8-4426-90E0-09C1B1841E44} = {03A53CD0-5F5A-4F53-B2F5-274DCFF8E4EE}
		{F5741E33-13CD-4D21-A827-E7A3F35A615C} = {78D4F1B1-7A9E-412A-A968-DF49A45039BA}
		{6581709D-9D04-4CDE-8650-B77FE37D2721} = {F5741E33-13CD-4D21-A827-E7A3F35A615C}
		{D78D842F-032A-4ED2-95D2-95375641FADC} = {714CB162-60D3-46CC-8D8D-447F5001D32B}
		{9C1B318B-EABC-4817-9553-79F91424F7DF} = {1034DD75-1FD6-45F7-9D5A-1328C7EB600B}
		{6864A2CC-0402-402A-B85A-5C562147ADFE} = {1EE31215-1FBD-4B52-9AB7-AF381739972B}
		{1AB49900-CA39-45B7-ACE1-A81C51315878} = {2BBB3A9D-E089-448B-8782-FB325E63A935}
		{A41A8395-C317-4903-B6DA-1D7FBC04070F} = {8B20A227-E21E-4903-B0EF-17351D171632}
		{F491FAE7-2287-429F-A412-2998733CCE5E} = {1628C709-56CA-4359-B471-81A00952D018}
	EndGlobalSection
	GlobalSection(ExtensibilityGlobals) = postSolution
		SolutionGuid = {356E4ECA-50BF-4D44-B2A9-CC4D0EC6F86A}
	EndGlobalSection
EndGlobal
